PODS:
  - CocoaLumberjack (3.8.0):
    - CocoaLumberjack/Core (= 3.8.0)
  - CocoaLumberjack/Core (3.8.0)
  - Differentiator (5.0.0)
  - FirebaseAppCheckInterop (10.2.0)
  - FirebaseAuthInterop (10.2.0)
  - FirebaseCore (10.2.0):
    - FirebaseCoreInternal (~> 10.0)
    - GoogleUtilities/Environment (~> 7.8)
    - GoogleUtilities/Logger (~> 7.8)
  - FirebaseCoreExtension (10.2.0):
    - FirebaseCore (~> 10.0)
  - FirebaseCoreInternal (10.2.0):
    - "GoogleUtilities/NSData+zlib (~> 7.8)"
  - FirebaseStorage (10.2.0):
    - FirebaseAppCheckInterop (~> 10.0)
    - FirebaseAuthInterop (~> 10.0)
    - FirebaseCore (~> 10.0)
    - FirebaseCoreExtension (~> 10.0)
    - GTMSessionFetcher/Core (< 4.0, >= 2.1)
  - FirebaseStorageUI (12.3.0):
    - FirebaseStorage (< 11.0, >= 8.0)
    - SDWebImage (~> 5.6)
  - FirebaseUI/Storage (12.3.0):
    - FirebaseStorageUI (~> 12.0)
  - GoogleUtilities/Environment (7.10.0):
    - PromisesObjC (< 3.0, >= 1.2)
  - GoogleUtilities/Logger (7.10.0):
    - GoogleUtilities/Environment
  - "GoogleUtilities/NSData+zlib (7.10.0)"
  - GTMSessionFetcher/Core (3.0.0)
  - PromisesObjC (2.1.1)
  - RxCocoa (6.5.0):
    - RxRelay (= 6.5.0)
    - RxSwift (= 6.5.0)
  - RxDataSources (5.0.0):
    - Differentiator (~> 5.0)
    - RxCocoa (~> 6.0)
    - RxSwift (~> 6.0)
  - RxRelay (6.5.0):
    - RxSwift (= 6.5.0)
  - RxSwift (6.5.0)
  - SDWebImage (5.14.2):
    - SDWebImage/Core (= 5.14.2)
  - SDWebImage/Core (5.14.2)
  - SnapKit (5.6.0)
  - SVGKit (3.0.0):
    - CocoaLumberjack (~> 3.0)
  - Then (3.0.0)

DEPENDENCIES:
  - FirebaseUI/Storage
  - RxCocoa (= 6.5.0)
  - RxDataSources
  - RxSwift (= 6.5.0)
  - SnapKit (~> 5.6.0)
  - SVGKit
  - Then

SPEC REPOS:
  trunk:
    - CocoaLumberjack
    - Differentiator
    - FirebaseAppCheckInterop
    - FirebaseAuthInterop
    - FirebaseCore
    - FirebaseCoreExtension
    - FirebaseCoreInternal
    - FirebaseStorage
    - FirebaseStorageUI
    - FirebaseUI
    - GoogleUtilities
    - GTMSessionFetcher
    - PromisesObjC
    - RxCocoa
    - RxDataSources
    - RxRelay
    - RxSwift
    - SDWebImage
    - SnapKit
    - SVGKit
    - Then

SPEC CHECKSUMS:
  CocoaLumberjack: 78abfb691154e2a9df8ded4350d504ee19d90732
  Differentiator: e8497ceab83c1b10ca233716d547b9af21b9344d
  FirebaseAppCheckInterop: af164d9c623f82174e3ffa54394dee189587c601
  FirebaseAuthInterop: 027d42ca8fec84dc6151566479af05095a0bd5c0
  FirebaseCore: 813838072b797b64f529f3c2ee35e696e5641dd1
  FirebaseCoreExtension: d08b424832917cf13612021574399afbbedffeef
  FirebaseCoreInternal: 091bde13e47bb1c5e9fe397634f3593dc390430f
  FirebaseStorage: e7b3fdc90b579cda35e5a0e4c6b206325766e75a
  FirebaseStorageUI: e395358d689cd64b967b2402939ee0f503de63b5
  FirebaseUI: e9a2dd42f5b593cd8b6e64c11d30ded38f30e48c
  GoogleUtilities: bad72cb363809015b1f7f19beb1f1cd23c589f95
  GTMSessionFetcher: c1edebe64e9fb4e8f6415d018edf1fd3eac074a1
  PromisesObjC: ab77feca74fa2823e7af4249b8326368e61014cb
  RxCocoa: 94f817b71c07517321eb4f9ad299112ca8af743b
  RxDataSources: aa47cc1ed6c500fa0dfecac5c979b723542d79cf
  RxRelay: 1de1523e604c72b6c68feadedd1af3b1b4d0ecbd
  RxSwift: 5710a9e6b17f3c3d6e40d6e559b9fa1e813b2ef8
  SDWebImage: b9a731e1d6307f44ca703b3976d18c24ca561e84
  SnapKit: e01d52ebb8ddbc333eefe2132acf85c8227d9c25
  SVGKit: 1ad7513f8c74d9652f94ed64ddecda1a23864dea
  Then: 844265ae87834bbe1147d91d5d41a404da2ec27d

PODFILE CHECKSUM: a8d226973c28c1f3ebf629e927e61a35d69d4d6a

COCOAPODS: 1.11.3
