// !$*UTF8*$!
{
	archiveVersion = 1;
	classes = {
	};
	objectVersion = 55;
	objects = {

/* Begin PBXBuildFile section */
		3606292130FE851F90EFEA0E /* Pods_Pixo.framework in Frameworks */ = {isa = PBXBuildFile; fileRef = EDFA9E96816F5318EEAC9CE3 /* Pods_Pixo.framework */; };
		427519DADD3CA485C3132C25 /* Pods_PixoTests.framework in Frameworks */ = {isa = PBXBuildFile; fileRef = 23068D4603D51C4CB2EF7561 /* Pods_PixoTests.framework */; };
		76090BA02997D2EC00F204B6 /* PhotoPickerViewController+UICollectionView.swift in Sources */ = {isa = PBXBuildFile; fileRef = 76090B9F2997D2EC00F204B6 /* PhotoPickerViewController+UICollectionView.swift */; };
		76090BA22998F3B700F204B6 /* UIImage+Extension.swift in Sources */ = {isa = PBXBuildFile; fileRef = 76090BA12998F3B700F204B6 /* UIImage+Extension.swift */; };
		76090BA42998FF5400F204B6 /* PhotoPickerViewController+PHPhotoLibraryChangeObserver.swift in Sources */ = {isa = PBXBuildFile; fileRef = 76090BA32998FF5400F204B6 /* PhotoPickerViewController+PHPhotoLibraryChangeObserver.swift */; };
		76090BAA299A0B1000F204B6 /* OverlayImageViewController.swift in Sources */ = {isa = PBXBuildFile; fileRef = 76090BA9299A0B1000F204B6 /* OverlayImageViewController.swift */; };
		76090BAC299A0B3500F204B6 /* OverlayImageViewController+SettingUpView.swift in Sources */ = {isa = PBXBuildFile; fileRef = 76090BAB299A0B3500F204B6 /* OverlayImageViewController+SettingUpView.swift */; };
		76090BB0299A21C700F204B6 /* ImageCollectionViewCell.swift in Sources */ = {isa = PBXBuildFile; fileRef = 76090BAF299A21C700F204B6 /* ImageCollectionViewCell.swift */; };
		76090BC7299A878600F204B6 /* OverlayImageViewModel.swift in Sources */ = {isa = PBXBuildFile; fileRef = 76090BC6299A878600F204B6 /* OverlayImageViewModel.swift */; };
		76090BC9299A882C00F204B6 /* SVGImageSection.swift in Sources */ = {isa = PBXBuildFile; fileRef = 76090BC8299A882C00F204B6 /* SVGImageSection.swift */; };
		76090BCB299A884D00F204B6 /* SVGImage.swift in Sources */ = {isa = PBXBuildFile; fileRef = 76090BCA299A884D00F204B6 /* SVGImage.swift */; };
		76090BCF299B373F00F204B6 /* PhotosManager.swift in Sources */ = {isa = PBXBuildFile; fileRef = 76090BCE299B373F00F204B6 /* PhotosManager.swift */; };
		76090BD1299B48BE00F204B6 /* UIApplication+Extension.swift in Sources */ = {isa = PBXBuildFile; fileRef = 76090BD0299B48BE00F204B6 /* UIApplication+Extension.swift */; };
		76090BD3299B58BE00F204B6 /* UIImageView+Extension.swift in Sources */ = {isa = PBXBuildFile; fileRef = 76090BD2299B58BE00F204B6 /* UIImageView+Extension.swift */; };
		76090BD5299BBEC900F204B6 /* UIViewController+Extension.swift in Sources */ = {isa = PBXBuildFile; fileRef = 76090BD4299BBEC900F204B6 /* UIViewController+Extension.swift */; };
		76090BD7299BC15B00F204B6 /* AlertType.swift in Sources */ = {isa = PBXBuildFile; fileRef = 76090BD6299BC15B00F204B6 /* AlertType.swift */; };
		76090BDF299CBDD100F204B6 /* GoogleService-Info.plist in Resources */ = {isa = PBXBuildFile; fileRef = 76090BDE299CBDD100F204B6 /* GoogleService-Info.plist */; };
		76090BE1299CC0AA00F204B6 /* SVGImageManager.swift in Sources */ = {isa = PBXBuildFile; fileRef = 76090BE0299CC0AA00F204B6 /* SVGImageManager.swift */; };
		766EFC9E29A1235600D21021 /* ExportSettingBottmSheetView.swift in Sources */ = {isa = PBXBuildFile; fileRef = 766EFC9D29A1235600D21021 /* ExportSettingBottmSheetView.swift */; };
		766EFCA029A1236800D21021 /* ExportSettingBottomSheetView+SettingUpView.swift in Sources */ = {isa = PBXBuildFile; fileRef = 766EFC9F29A1236800D21021 /* ExportSettingBottomSheetView+SettingUpView.swift */; };
		766EFCA229A12E0D00D21021 /* ExportViewModel.swift in Sources */ = {isa = PBXBuildFile; fileRef = 766EFCA129A12E0D00D21021 /* ExportViewModel.swift */; };
		766EFCA429A132B000D21021 /* ExportSettingDetailTableViewCell.swift in Sources */ = {isa = PBXBuildFile; fileRef = 766EFCA329A132B000D21021 /* ExportSettingDetailTableViewCell.swift */; };
		766EFCA629A1354F00D21021 /* ExportSettingBottomSheetView+UITableView.swift in Sources */ = {isa = PBXBuildFile; fileRef = 766EFCA529A1354F00D21021 /* ExportSettingBottomSheetView+UITableView.swift */; };
		766EFCAB29A144BE00D21021 /* ExportSetting.swift in Sources */ = {isa = PBXBuildFile; fileRef = 766EFCAA29A144BE00D21021 /* ExportSetting.swift */; };
		766EFCAD29A1452300D21021 /* ExportSettingType.swift in Sources */ = {isa = PBXBuildFile; fileRef = 766EFCAC29A1452300D21021 /* ExportSettingType.swift */; };
		766EFCAF29A1456400D21021 /* Quality.swift in Sources */ = {isa = PBXBuildFile; fileRef = 766EFCAE29A1456400D21021 /* Quality.swift */; };
		766EFCB129A145A800D21021 /* Format.swift in Sources */ = {isa = PBXBuildFile; fileRef = 766EFCB029A145A800D21021 /* Format.swift */; };
		766EFCB329A146C600D21021 /* ImageFormatType.swift in Sources */ = {isa = PBXBuildFile; fileRef = 766EFCB229A146C600D21021 /* ImageFormatType.swift */; };
		766EFCB529A14AAE00D21021 /* ImageMergingSources.swift in Sources */ = {isa = PBXBuildFile; fileRef = 766EFCB429A14AAE00D21021 /* ImageMergingSources.swift */; };
		766EFCB729A14E2C00D21021 /* ImageExportSources.swift in Sources */ = {isa = PBXBuildFile; fileRef = 766EFCB629A14E2C00D21021 /* ImageExportSources.swift */; };
		766EFCBB29A20ACA00D21021 /* ImageCacheManager.swift in Sources */ = {isa = PBXBuildFile; fileRef = 766EFCBA29A20ACA00D21021 /* ImageCacheManager.swift */; };
		7697F1F7299E958700BF8F54 /* ProgressCircleView.swift in Sources */ = {isa = PBXBuildFile; fileRef = 7697F1F6299E958700BF8F54 /* ProgressCircleView.swift */; };
		7697F1F9299E95AF00BF8F54 /* ProgressCircleView+SettingUpView.swift in Sources */ = {isa = PBXBuildFile; fileRef = 7697F1F8299E95AF00BF8F54 /* ProgressCircleView+SettingUpView.swift */; };
		7697F1FB299E983F00BF8F54 /* PieProgressView.swift in Sources */ = {isa = PBXBuildFile; fileRef = 7697F1FA299E983F00BF8F54 /* PieProgressView.swift */; };
		7697F1FD29A07EAC00BF8F54 /* ExportManager.swift in Sources */ = {isa = PBXBuildFile; fileRef = 7697F1FC29A07EAC00BF8F54 /* ExportManager.swift */; };
		7697F20729A0ABC000BF8F54 /* ExportViewController.swift in Sources */ = {isa = PBXBuildFile; fileRef = 7697F20629A0ABC000BF8F54 /* ExportViewController.swift */; };
		7697F20929A0ABCD00BF8F54 /* ExportViewController+SettingUpView.swift in Sources */ = {isa = PBXBuildFile; fileRef = 7697F20829A0ABCD00BF8F54 /* ExportViewController+SettingUpView.swift */; };
		7697F20F29A0B45000BF8F54 /* Constants.swift in Sources */ = {isa = PBXBuildFile; fileRef = 7697F20E29A0B45000BF8F54 /* Constants.swift */; };
		7697F21329A0BB7500BF8F54 /* ExportSettingView.swift in Sources */ = {isa = PBXBuildFile; fileRef = 7697F21229A0BB7500BF8F54 /* ExportSettingView.swift */; };
		7697F21529A0BDD500BF8F54 /* ExportSettingTableViewCell.swift in Sources */ = {isa = PBXBuildFile; fileRef = 7697F21429A0BDD500BF8F54 /* ExportSettingTableViewCell.swift */; };
		7697F21F29A0F5C900BF8F54 /* ExportSettingView+SettingUpView.swift in Sources */ = {isa = PBXBuildFile; fileRef = 7697F21E29A0F5C900BF8F54 /* ExportSettingView+SettingUpView.swift */; };
		7697F22129A0F5E600BF8F54 /* ExportSettingView+UITableView.swift in Sources */ = {isa = PBXBuildFile; fileRef = 7697F22029A0F5E600BF8F54 /* ExportSettingView+UITableView.swift */; };
		76A4952B29977A1200923CF9 /* Album.swift in Sources */ = {isa = PBXBuildFile; fileRef = 76A4952A29977A1200923CF9 /* Album.swift */; };
		76A4952F2997B24800923CF9 /* AlbumSection.swift in Sources */ = {isa = PBXBuildFile; fileRef = 76A4952E2997B24800923CF9 /* AlbumSection.swift */; };
		76A495312997BBBF00923CF9 /* AlbumType.swift in Sources */ = {isa = PBXBuildFile; fileRef = 76A495302997BBBF00923CF9 /* AlbumType.swift */; };
		76B6260F299D02840091D981 /* SVGImageProcessor.swift in Sources */ = {isa = PBXBuildFile; fileRef = 76B6260E299D02840091D981 /* SVGImageProcessor.swift */; };
		76B62611299D03E30091D981 /* IdentifiableImageView.swift in Sources */ = {isa = PBXBuildFile; fileRef = 76B62610299D03E30091D981 /* IdentifiableImageView.swift */; };
		76B62619299E64540091D981 /* URLCacheManager.swift in Sources */ = {isa = PBXBuildFile; fileRef = 76B62618299E64540091D981 /* URLCacheManager.swift */; };
		76FC37422995F99000033A4B /* AppDelegate.swift in Sources */ = {isa = PBXBuildFile; fileRef = 76FC37412995F99000033A4B /* AppDelegate.swift */; };
		76FC37442995F99000033A4B /* SceneDelegate.swift in Sources */ = {isa = PBXBuildFile; fileRef = 76FC37432995F99000033A4B /* SceneDelegate.swift */; };
		76FC37462995F99000033A4B /* PhotoPickerViewController.swift in Sources */ = {isa = PBXBuildFile; fileRef = 76FC37452995F99000033A4B /* PhotoPickerViewController.swift */; };
		76FC374B2995F99100033A4B /* Assets.xcassets in Resources */ = {isa = PBXBuildFile; fileRef = 76FC374A2995F99100033A4B /* Assets.xcassets */; };
		76FC374E2995F99100033A4B /* LaunchScreen.storyboard in Resources */ = {isa = PBXBuildFile; fileRef = 76FC374C2995F99100033A4B /* LaunchScreen.storyboard */; };
		76FC37592995F99100033A4B /* PixoTests.swift in Sources */ = {isa = PBXBuildFile; fileRef = 76FC37582995F99100033A4B /* PixoTests.swift */; };
		76FC37632995F99100033A4B /* PixoUITests.swift in Sources */ = {isa = PBXBuildFile; fileRef = 76FC37622995F99100033A4B /* PixoUITests.swift */; };
		76FC37652995F99100033A4B /* PixoUITestsLaunchTests.swift in Sources */ = {isa = PBXBuildFile; fileRef = 76FC37642995F99100033A4B /* PixoUITestsLaunchTests.swift */; };
		76FC37732996079500033A4B /* SettingUpView.swift in Sources */ = {isa = PBXBuildFile; fileRef = 76FC37722996079500033A4B /* SettingUpView.swift */; };
		76FC3778299609CA00033A4B /* PhotoPickerTitleView.swift in Sources */ = {isa = PBXBuildFile; fileRef = 76FC3777299609CA00033A4B /* PhotoPickerTitleView.swift */; };
		76FC377F29960A4500033A4B /* UIView+Extension.swift in Sources */ = {isa = PBXBuildFile; fileRef = 76FC377E29960A4500033A4B /* UIView+Extension.swift */; };
		76FC3783299616AF00033A4B /* UIFont+Extension.swift in Sources */ = {isa = PBXBuildFile; fileRef = 76FC3782299616AF00033A4B /* UIFont+Extension.swift */; };
		76FC37852996193C00033A4B /* UIColor+Extension.swift in Sources */ = {isa = PBXBuildFile; fileRef = 76FC37842996193C00033A4B /* UIColor+Extension.swift */; };
		76FC378729963BD400033A4B /* PhotoPickerTitleView+SettingUpView.swift in Sources */ = {isa = PBXBuildFile; fileRef = 76FC378629963BD400033A4B /* PhotoPickerTitleView+SettingUpView.swift */; };
		76FC378A2996432500033A4B /* PhotoPickerViewController+SettingUpView.swift in Sources */ = {isa = PBXBuildFile; fileRef = 76FC37892996432500033A4B /* PhotoPickerViewController+SettingUpView.swift */; };
		76FC3793299649AF00033A4B /* AlbumsManager.swift in Sources */ = {isa = PBXBuildFile; fileRef = 76FC3792299649AF00033A4B /* AlbumsManager.swift */; };
		76FC37D22996579A00033A4B /* PhotoPickerViewModel.swift in Sources */ = {isa = PBXBuildFile; fileRef = 76FC37D12996579A00033A4B /* PhotoPickerViewModel.swift */; };
		76FC37D4299658E000033A4B /* ViewModel.swift in Sources */ = {isa = PBXBuildFile; fileRef = 76FC37D3299658E000033A4B /* ViewModel.swift */; };
		76FC37DC29972C5200033A4B /* PhotoCollectionViewCell.swift in Sources */ = {isa = PBXBuildFile; fileRef = 76FC37DB29972C5200033A4B /* PhotoCollectionViewCell.swift */; };
		76FC37DF29972C7400033A4B /* AlbumTableViewCell.swift in Sources */ = {isa = PBXBuildFile; fileRef = 76FC37DE29972C7400033A4B /* AlbumTableViewCell.swift */; };
		C9DB2BD72BC2E979F9E5A6AF /* Pods_Pixo_PixoUITests.framework in Frameworks */ = {isa = PBXBuildFile; fileRef = F7905AE47400F199C9CCDE75 /* Pods_Pixo_PixoUITests.framework */; };
/* End PBXBuildFile section */

/* Begin PBXContainerItemProxy section */
		76FC37552995F99100033A4B /* PBXContainerItemProxy */ = {
			isa = PBXContainerItemProxy;
			containerPortal = 76FC37362995F99000033A4B /* Project object */;
			proxyType = 1;
			remoteGlobalIDString = 76FC373D2995F99000033A4B;
			remoteInfo = Pixo;
		};
		76FC375F2995F99100033A4B /* PBXContainerItemProxy */ = {
			isa = PBXContainerItemProxy;
			containerPortal = 76FC37362995F99000033A4B /* Project object */;
			proxyType = 1;
			remoteGlobalIDString = 76FC373D2995F99000033A4B;
			remoteInfo = Pixo;
		};
/* End PBXContainerItemProxy section */

/* Begin PBXFileReference section */
		23068D4603D51C4CB2EF7561 /* Pods_PixoTests.framework */ = {isa = PBXFileReference; explicitFileType = wrapper.framework; includeInIndex = 0; path = Pods_PixoTests.framework; sourceTree = BUILT_PRODUCTS_DIR; };
		292E687105E3FC1CC228B4ED /* Pods-Pixo.release.xcconfig */ = {isa = PBXFileReference; includeInIndex = 1; lastKnownFileType = text.xcconfig; name = "Pods-Pixo.release.xcconfig"; path = "Target Support Files/Pods-Pixo/Pods-Pixo.release.xcconfig"; sourceTree = "<group>"; };
		4C4E7E375DBBAC584C7DBDFC /* Pods-Pixo.debug.xcconfig */ = {isa = PBXFileReference; includeInIndex = 1; lastKnownFileType = text.xcconfig; name = "Pods-Pixo.debug.xcconfig"; path = "Target Support Files/Pods-Pixo/Pods-Pixo.debug.xcconfig"; sourceTree = "<group>"; };
		76090B9F2997D2EC00F204B6 /* PhotoPickerViewController+UICollectionView.swift */ = {isa = PBXFileReference; lastKnownFileType = sourcecode.swift; path = "PhotoPickerViewController+UICollectionView.swift"; sourceTree = "<group>"; };
		76090BA12998F3B700F204B6 /* UIImage+Extension.swift */ = {isa = PBXFileReference; lastKnownFileType = sourcecode.swift; path = "UIImage+Extension.swift"; sourceTree = "<group>"; };
		76090BA32998FF5400F204B6 /* PhotoPickerViewController+PHPhotoLibraryChangeObserver.swift */ = {isa = PBXFileReference; lastKnownFileType = sourcecode.swift; path = "PhotoPickerViewController+PHPhotoLibraryChangeObserver.swift"; sourceTree = "<group>"; };
		76090BA9299A0B1000F204B6 /* OverlayImageViewController.swift */ = {isa = PBXFileReference; lastKnownFileType = sourcecode.swift; path = OverlayImageViewController.swift; sourceTree = "<group>"; };
		76090BAB299A0B3500F204B6 /* OverlayImageViewController+SettingUpView.swift */ = {isa = PBXFileReference; lastKnownFileType = sourcecode.swift; path = "OverlayImageViewController+SettingUpView.swift"; sourceTree = "<group>"; };
		76090BAF299A21C700F204B6 /* ImageCollectionViewCell.swift */ = {isa = PBXFileReference; lastKnownFileType = sourcecode.swift; path = ImageCollectionViewCell.swift; sourceTree = "<group>"; };
		76090BC6299A878600F204B6 /* OverlayImageViewModel.swift */ = {isa = PBXFileReference; lastKnownFileType = sourcecode.swift; path = OverlayImageViewModel.swift; sourceTree = "<group>"; };
		76090BC8299A882C00F204B6 /* SVGImageSection.swift */ = {isa = PBXFileReference; lastKnownFileType = sourcecode.swift; path = SVGImageSection.swift; sourceTree = "<group>"; };
		76090BCA299A884D00F204B6 /* SVGImage.swift */ = {isa = PBXFileReference; lastKnownFileType = sourcecode.swift; path = SVGImage.swift; sourceTree = "<group>"; };
		76090BCE299B373F00F204B6 /* PhotosManager.swift */ = {isa = PBXFileReference; lastKnownFileType = sourcecode.swift; path = PhotosManager.swift; sourceTree = "<group>"; };
		76090BD0299B48BE00F204B6 /* UIApplication+Extension.swift */ = {isa = PBXFileReference; lastKnownFileType = sourcecode.swift; path = "UIApplication+Extension.swift"; sourceTree = "<group>"; };
		76090BD2299B58BE00F204B6 /* UIImageView+Extension.swift */ = {isa = PBXFileReference; lastKnownFileType = sourcecode.swift; path = "UIImageView+Extension.swift"; sourceTree = "<group>"; };
		76090BD4299BBEC900F204B6 /* UIViewController+Extension.swift */ = {isa = PBXFileReference; lastKnownFileType = sourcecode.swift; path = "UIViewController+Extension.swift"; sourceTree = "<group>"; };
		76090BD6299BC15B00F204B6 /* AlertType.swift */ = {isa = PBXFileReference; lastKnownFileType = sourcecode.swift; path = AlertType.swift; sourceTree = "<group>"; };
		76090BDE299CBDD100F204B6 /* GoogleService-Info.plist */ = {isa = PBXFileReference; fileEncoding = 4; lastKnownFileType = text.plist.xml; name = "GoogleService-Info.plist"; path = "../../../Downloads/GoogleService-Info.plist"; sourceTree = "<group>"; };
		76090BE0299CC0AA00F204B6 /* SVGImageManager.swift */ = {isa = PBXFileReference; lastKnownFileType = sourcecode.swift; path = SVGImageManager.swift; sourceTree = "<group>"; };
		766EFC9D29A1235600D21021 /* ExportSettingBottmSheetView.swift */ = {isa = PBXFileReference; lastKnownFileType = sourcecode.swift; path = ExportSettingBottmSheetView.swift; sourceTree = "<group>"; };
		766EFC9F29A1236800D21021 /* ExportSettingBottomSheetView+SettingUpView.swift */ = {isa = PBXFileReference; lastKnownFileType = sourcecode.swift; path = "ExportSettingBottomSheetView+SettingUpView.swift"; sourceTree = "<group>"; };
		766EFCA129A12E0D00D21021 /* ExportViewModel.swift */ = {isa = PBXFileReference; lastKnownFileType = sourcecode.swift; path = ExportViewModel.swift; sourceTree = "<group>"; };
		766EFCA329A132B000D21021 /* ExportSettingDetailTableViewCell.swift */ = {isa = PBXFileReference; lastKnownFileType = sourcecode.swift; path = ExportSettingDetailTableViewCell.swift; sourceTree = "<group>"; };
		766EFCA529A1354F00D21021 /* ExportSettingBottomSheetView+UITableView.swift */ = {isa = PBXFileReference; lastKnownFileType = sourcecode.swift; path = "ExportSettingBottomSheetView+UITableView.swift"; sourceTree = "<group>"; };
		766EFCAA29A144BE00D21021 /* ExportSetting.swift */ = {isa = PBXFileReference; lastKnownFileType = sourcecode.swift; path = ExportSetting.swift; sourceTree = "<group>"; };
		766EFCAC29A1452300D21021 /* ExportSettingType.swift */ = {isa = PBXFileReference; lastKnownFileType = sourcecode.swift; path = ExportSettingType.swift; sourceTree = "<group>"; };
		766EFCAE29A1456400D21021 /* Quality.swift */ = {isa = PBXFileReference; lastKnownFileType = sourcecode.swift; path = Quality.swift; sourceTree = "<group>"; };
		766EFCB029A145A800D21021 /* Format.swift */ = {isa = PBXFileReference; lastKnownFileType = sourcecode.swift; path = Format.swift; sourceTree = "<group>"; };
		766EFCB229A146C600D21021 /* ImageFormatType.swift */ = {isa = PBXFileReference; lastKnownFileType = sourcecode.swift; path = ImageFormatType.swift; sourceTree = "<group>"; };
		766EFCB429A14AAE00D21021 /* ImageMergingSources.swift */ = {isa = PBXFileReference; lastKnownFileType = sourcecode.swift; path = ImageMergingSources.swift; sourceTree = "<group>"; };
		766EFCB629A14E2C00D21021 /* ImageExportSources.swift */ = {isa = PBXFileReference; lastKnownFileType = sourcecode.swift; path = ImageExportSources.swift; sourceTree = "<group>"; };
		766EFCBA29A20ACA00D21021 /* ImageCacheManager.swift */ = {isa = PBXFileReference; lastKnownFileType = sourcecode.swift; path = ImageCacheManager.swift; sourceTree = "<group>"; };
		7697F1F6299E958700BF8F54 /* ProgressCircleView.swift */ = {isa = PBXFileReference; lastKnownFileType = sourcecode.swift; path = ProgressCircleView.swift; sourceTree = "<group>"; };
		7697F1F8299E95AF00BF8F54 /* ProgressCircleView+SettingUpView.swift */ = {isa = PBXFileReference; lastKnownFileType = sourcecode.swift; path = "ProgressCircleView+SettingUpView.swift"; sourceTree = "<group>"; };
		7697F1FA299E983F00BF8F54 /* PieProgressView.swift */ = {isa = PBXFileReference; lastKnownFileType = sourcecode.swift; path = PieProgressView.swift; sourceTree = "<group>"; };
		7697F1FC29A07EAC00BF8F54 /* ExportManager.swift */ = {isa = PBXFileReference; lastKnownFileType = sourcecode.swift; path = ExportManager.swift; sourceTree = "<group>"; };
		7697F20629A0ABC000BF8F54 /* ExportViewController.swift */ = {isa = PBXFileReference; lastKnownFileType = sourcecode.swift; path = ExportViewController.swift; sourceTree = "<group>"; };
		7697F20829A0ABCD00BF8F54 /* ExportViewController+SettingUpView.swift */ = {isa = PBXFileReference; lastKnownFileType = sourcecode.swift; path = "ExportViewController+SettingUpView.swift"; sourceTree = "<group>"; };
		7697F20E29A0B45000BF8F54 /* Constants.swift */ = {isa = PBXFileReference; lastKnownFileType = sourcecode.swift; path = Constants.swift; sourceTree = "<group>"; };
		7697F21229A0BB7500BF8F54 /* ExportSettingView.swift */ = {isa = PBXFileReference; lastKnownFileType = sourcecode.swift; path = ExportSettingView.swift; sourceTree = "<group>"; };
		7697F21429A0BDD500BF8F54 /* ExportSettingTableViewCell.swift */ = {isa = PBXFileReference; lastKnownFileType = sourcecode.swift; path = ExportSettingTableViewCell.swift; sourceTree = "<group>"; };
		7697F21E29A0F5C900BF8F54 /* ExportSettingView+SettingUpView.swift */ = {isa = PBXFileReference; lastKnownFileType = sourcecode.swift; path = "ExportSettingView+SettingUpView.swift"; sourceTree = "<group>"; };
		7697F22029A0F5E600BF8F54 /* ExportSettingView+UITableView.swift */ = {isa = PBXFileReference; lastKnownFileType = sourcecode.swift; path = "ExportSettingView+UITableView.swift"; sourceTree = "<group>"; };
		76A4952A29977A1200923CF9 /* Album.swift */ = {isa = PBXFileReference; lastKnownFileType = sourcecode.swift; path = Album.swift; sourceTree = "<group>"; };
		76A4952E2997B24800923CF9 /* AlbumSection.swift */ = {isa = PBXFileReference; lastKnownFileType = sourcecode.swift; path = AlbumSection.swift; sourceTree = "<group>"; };
		76A495302997BBBF00923CF9 /* AlbumType.swift */ = {isa = PBXFileReference; lastKnownFileType = sourcecode.swift; path = AlbumType.swift; sourceTree = "<group>"; };
		76B6260E299D02840091D981 /* SVGImageProcessor.swift */ = {isa = PBXFileReference; lastKnownFileType = sourcecode.swift; path = SVGImageProcessor.swift; sourceTree = "<group>"; };
		76B62610299D03E30091D981 /* IdentifiableImageView.swift */ = {isa = PBXFileReference; lastKnownFileType = sourcecode.swift; path = IdentifiableImageView.swift; sourceTree = "<group>"; };
		76B62618299E64540091D981 /* URLCacheManager.swift */ = {isa = PBXFileReference; lastKnownFileType = sourcecode.swift; path = URLCacheManager.swift; sourceTree = "<group>"; };
		76FC373E2995F99000033A4B /* Pixo.app */ = {isa = PBXFileReference; explicitFileType = wrapper.application; includeInIndex = 0; path = Pixo.app; sourceTree = BUILT_PRODUCTS_DIR; };
		76FC37412995F99000033A4B /* AppDelegate.swift */ = {isa = PBXFileReference; lastKnownFileType = sourcecode.swift; path = AppDelegate.swift; sourceTree = "<group>"; };
		76FC37432995F99000033A4B /* SceneDelegate.swift */ = {isa = PBXFileReference; lastKnownFileType = sourcecode.swift; path = SceneDelegate.swift; sourceTree = "<group>"; };
		76FC37452995F99000033A4B /* PhotoPickerViewController.swift */ = {isa = PBXFileReference; lastKnownFileType = sourcecode.swift; path = PhotoPickerViewController.swift; sourceTree = "<group>"; };
		76FC374A2995F99100033A4B /* Assets.xcassets */ = {isa = PBXFileReference; lastKnownFileType = folder.assetcatalog; path = Assets.xcassets; sourceTree = "<group>"; };
		76FC374D2995F99100033A4B /* Base */ = {isa = PBXFileReference; lastKnownFileType = file.storyboard; name = Base; path = Base.lproj/LaunchScreen.storyboard; sourceTree = "<group>"; };
		76FC374F2995F99100033A4B /* Info.plist */ = {isa = PBXFileReference; lastKnownFileType = text.plist.xml; path = Info.plist; sourceTree = "<group>"; };
		76FC37542995F99100033A4B /* PixoTests.xctest */ = {isa = PBXFileReference; explicitFileType = wrapper.cfbundle; includeInIndex = 0; path = PixoTests.xctest; sourceTree = BUILT_PRODUCTS_DIR; };
		76FC37582995F99100033A4B /* PixoTests.swift */ = {isa = PBXFileReference; lastKnownFileType = sourcecode.swift; path = PixoTests.swift; sourceTree = "<group>"; };
		76FC375E2995F99100033A4B /* PixoUITests.xctest */ = {isa = PBXFileReference; explicitFileType = wrapper.cfbundle; includeInIndex = 0; path = PixoUITests.xctest; sourceTree = BUILT_PRODUCTS_DIR; };
		76FC37622995F99100033A4B /* PixoUITests.swift */ = {isa = PBXFileReference; lastKnownFileType = sourcecode.swift; path = PixoUITests.swift; sourceTree = "<group>"; };
		76FC37642995F99100033A4B /* PixoUITestsLaunchTests.swift */ = {isa = PBXFileReference; lastKnownFileType = sourcecode.swift; path = PixoUITestsLaunchTests.swift; sourceTree = "<group>"; };
		76FC37722996079500033A4B /* SettingUpView.swift */ = {isa = PBXFileReference; lastKnownFileType = sourcecode.swift; path = SettingUpView.swift; sourceTree = "<group>"; };
		76FC3777299609CA00033A4B /* PhotoPickerTitleView.swift */ = {isa = PBXFileReference; lastKnownFileType = sourcecode.swift; path = PhotoPickerTitleView.swift; sourceTree = "<group>"; };
		76FC377E29960A4500033A4B /* UIView+Extension.swift */ = {isa = PBXFileReference; lastKnownFileType = sourcecode.swift; path = "UIView+Extension.swift"; sourceTree = "<group>"; };
		76FC3782299616AF00033A4B /* UIFont+Extension.swift */ = {isa = PBXFileReference; lastKnownFileType = sourcecode.swift; path = "UIFont+Extension.swift"; sourceTree = "<group>"; };
		76FC37842996193C00033A4B /* UIColor+Extension.swift */ = {isa = PBXFileReference; lastKnownFileType = sourcecode.swift; path = "UIColor+Extension.swift"; sourceTree = "<group>"; };
		76FC378629963BD400033A4B /* PhotoPickerTitleView+SettingUpView.swift */ = {isa = PBXFileReference; lastKnownFileType = sourcecode.swift; path = "PhotoPickerTitleView+SettingUpView.swift"; sourceTree = "<group>"; };
		76FC37892996432500033A4B /* PhotoPickerViewController+SettingUpView.swift */ = {isa = PBXFileReference; lastKnownFileType = sourcecode.swift; path = "PhotoPickerViewController+SettingUpView.swift"; sourceTree = "<group>"; };
		76FC3792299649AF00033A4B /* AlbumsManager.swift */ = {isa = PBXFileReference; lastKnownFileType = sourcecode.swift; path = AlbumsManager.swift; sourceTree = "<group>"; };
		76FC37D12996579A00033A4B /* PhotoPickerViewModel.swift */ = {isa = PBXFileReference; lastKnownFileType = sourcecode.swift; path = PhotoPickerViewModel.swift; sourceTree = "<group>"; };
		76FC37D3299658E000033A4B /* ViewModel.swift */ = {isa = PBXFileReference; lastKnownFileType = sourcecode.swift; path = ViewModel.swift; sourceTree = "<group>"; };
		76FC37DB29972C5200033A4B /* PhotoCollectionViewCell.swift */ = {isa = PBXFileReference; lastKnownFileType = sourcecode.swift; path = PhotoCollectionViewCell.swift; sourceTree = "<group>"; };
		76FC37DE29972C7400033A4B /* AlbumTableViewCell.swift */ = {isa = PBXFileReference; lastKnownFileType = sourcecode.swift; path = AlbumTableViewCell.swift; sourceTree = "<group>"; };
		8E87385C36037EEEE50CFC27 /* Pods-PixoTests.release.xcconfig */ = {isa = PBXFileReference; includeInIndex = 1; lastKnownFileType = text.xcconfig; name = "Pods-PixoTests.release.xcconfig"; path = "Target Support Files/Pods-PixoTests/Pods-PixoTests.release.xcconfig"; sourceTree = "<group>"; };
		B144D7B4D816C2F2BE7E04C0 /* Pods-Pixo-PixoUITests.debug.xcconfig */ = {isa = PBXFileReference; includeInIndex = 1; lastKnownFileType = text.xcconfig; name = "Pods-Pixo-PixoUITests.debug.xcconfig"; path = "Target Support Files/Pods-Pixo-PixoUITests/Pods-Pixo-PixoUITests.debug.xcconfig"; sourceTree = "<group>"; };
		D49AD4D81B2AA7FE9B2B894F /* Pods-Pixo-PixoUITests.release.xcconfig */ = {isa = PBXFileReference; includeInIndex = 1; lastKnownFileType = text.xcconfig; name = "Pods-Pixo-PixoUITests.release.xcconfig"; path = "Target Support Files/Pods-Pixo-PixoUITests/Pods-Pixo-PixoUITests.release.xcconfig"; sourceTree = "<group>"; };
		EDFA9E96816F5318EEAC9CE3 /* Pods_Pixo.framework */ = {isa = PBXFileReference; explicitFileType = wrapper.framework; includeInIndex = 0; path = Pods_Pixo.framework; sourceTree = BUILT_PRODUCTS_DIR; };
		F7905AE47400F199C9CCDE75 /* Pods_Pixo_PixoUITests.framework */ = {isa = PBXFileReference; explicitFileType = wrapper.framework; includeInIndex = 0; path = Pods_Pixo_PixoUITests.framework; sourceTree = BUILT_PRODUCTS_DIR; };
		FBBD31B629AECB07A4835A6C /* Pods-PixoTests.debug.xcconfig */ = {isa = PBXFileReference; includeInIndex = 1; lastKnownFileType = text.xcconfig; name = "Pods-PixoTests.debug.xcconfig"; path = "Target Support Files/Pods-PixoTests/Pods-PixoTests.debug.xcconfig"; sourceTree = "<group>"; };
/* End PBXFileReference section */

/* Begin PBXFrameworksBuildPhase section */
		76FC373B2995F99000033A4B /* Frameworks */ = {
			isa = PBXFrameworksBuildPhase;
			buildActionMask = 2147483647;
			files = (
				3606292130FE851F90EFEA0E /* Pods_Pixo.framework in Frameworks */,
			);
			runOnlyForDeploymentPostprocessing = 0;
		};
		76FC37512995F99100033A4B /* Frameworks */ = {
			isa = PBXFrameworksBuildPhase;
			buildActionMask = 2147483647;
			files = (
				427519DADD3CA485C3132C25 /* Pods_PixoTests.framework in Frameworks */,
			);
			runOnlyForDeploymentPostprocessing = 0;
		};
		76FC375B2995F99100033A4B /* Frameworks */ = {
			isa = PBXFrameworksBuildPhase;
			buildActionMask = 2147483647;
			files = (
				C9DB2BD72BC2E979F9E5A6AF /* Pods_Pixo_PixoUITests.framework in Frameworks */,
			);
			runOnlyForDeploymentPostprocessing = 0;
		};
/* End PBXFrameworksBuildPhase section */

/* Begin PBXGroup section */
		3B657D593E8D8A4BEE97557A /* Pods */ = {
			isa = PBXGroup;
			children = (
				4C4E7E375DBBAC584C7DBDFC /* Pods-Pixo.debug.xcconfig */,
				292E687105E3FC1CC228B4ED /* Pods-Pixo.release.xcconfig */,
				B144D7B4D816C2F2BE7E04C0 /* Pods-Pixo-PixoUITests.debug.xcconfig */,
				D49AD4D81B2AA7FE9B2B894F /* Pods-Pixo-PixoUITests.release.xcconfig */,
				FBBD31B629AECB07A4835A6C /* Pods-PixoTests.debug.xcconfig */,
				8E87385C36037EEEE50CFC27 /* Pods-PixoTests.release.xcconfig */,
			);
			path = Pods;
			sourceTree = "<group>";
		};
		4B1DB7CFA8C16BD7D9BA78B9 /* Frameworks */ = {
			isa = PBXGroup;
			children = (
				EDFA9E96816F5318EEAC9CE3 /* Pods_Pixo.framework */,
				F7905AE47400F199C9CCDE75 /* Pods_Pixo_PixoUITests.framework */,
				23068D4603D51C4CB2EF7561 /* Pods_PixoTests.framework */,
			);
			name = Frameworks;
			sourceTree = "<group>";
		};
		76A4952929977A0100923CF9 /* Models */ = {
			isa = PBXGroup;
			children = (
				76A4952A29977A1200923CF9 /* Album.swift */,
				76A4952E2997B24800923CF9 /* AlbumSection.swift */,
				76090BCA299A884D00F204B6 /* SVGImage.swift */,
				76090BC8299A882C00F204B6 /* SVGImageSection.swift */,
				766EFCAE29A1456400D21021 /* Quality.swift */,
				766EFCB029A145A800D21021 /* Format.swift */,
				766EFCB429A14AAE00D21021 /* ImageMergingSources.swift */,
				766EFCB629A14E2C00D21021 /* ImageExportSources.swift */,
			);
			path = Models;
			sourceTree = "<group>";
		};
		76FC37352995F99000033A4B = {
			isa = PBXGroup;
			children = (
				76FC37402995F99000033A4B /* Pixo */,
				76FC37572995F99100033A4B /* PixoTests */,
				76FC37612995F99100033A4B /* PixoUITests */,
				76FC373F2995F99000033A4B /* Products */,
				3B657D593E8D8A4BEE97557A /* Pods */,
				4B1DB7CFA8C16BD7D9BA78B9 /* Frameworks */,
			);
			sourceTree = "<group>";
		};
		76FC373F2995F99000033A4B /* Products */ = {
			isa = PBXGroup;
			children = (
				76FC373E2995F99000033A4B /* Pixo.app */,
				76FC37542995F99100033A4B /* PixoTests.xctest */,
				76FC375E2995F99100033A4B /* PixoUITests.xctest */,
			);
			name = Products;
			sourceTree = "<group>";
		};
		76FC37402995F99000033A4B /* Pixo */ = {
			isa = PBXGroup;
			children = (
				76FC37D729972B5200033A4B /* Enums */,
				76FC377B29960A2000033A4B /* Extensions */,
				76A4952929977A0100923CF9 /* Models */,
				76FC37712996078C00033A4B /* Protocols */,
				76FC3791299647E000033A4B /* Utils */,
				76FC37DA29972C3E00033A4B /* UICollectionViewCells */,
				76FC37DD29972C6100033A4B /* UITableViewCells */,
				76FC37742996098300033A4B /* UIViews */,
				76FC37882996430D00033A4B /* UIViewControllers */,
				76FC37D02996577D00033A4B /* ViewModels */,
				76FC37412995F99000033A4B /* AppDelegate.swift */,
				76FC37432995F99000033A4B /* SceneDelegate.swift */,
				7697F20E29A0B45000BF8F54 /* Constants.swift */,
				76FC374A2995F99100033A4B /* Assets.xcassets */,
				76FC374C2995F99100033A4B /* LaunchScreen.storyboard */,
				76FC374F2995F99100033A4B /* Info.plist */,
				76090BDE299CBDD100F204B6 /* GoogleService-Info.plist */,
			);
			path = Pixo;
			sourceTree = "<group>";
		};
		76FC37572995F99100033A4B /* PixoTests */ = {
			isa = PBXGroup;
			children = (
				76FC37582995F99100033A4B /* PixoTests.swift */,
			);
			path = PixoTests;
			sourceTree = "<group>";
		};
		76FC37612995F99100033A4B /* PixoUITests */ = {
			isa = PBXGroup;
			children = (
				76FC37622995F99100033A4B /* PixoUITests.swift */,
				76FC37642995F99100033A4B /* PixoUITestsLaunchTests.swift */,
			);
			path = PixoUITests;
			sourceTree = "<group>";
		};
		76FC37712996078C00033A4B /* Protocols */ = {
			isa = PBXGroup;
			children = (
				76FC37722996079500033A4B /* SettingUpView.swift */,
				76FC37D3299658E000033A4B /* ViewModel.swift */,
				766EFCAA29A144BE00D21021 /* ExportSetting.swift */,
			);
			path = Protocols;
			sourceTree = "<group>";
		};
		76FC37742996098300033A4B /* UIViews */ = {
			isa = PBXGroup;
			children = (
				76B62610299D03E30091D981 /* IdentifiableImageView.swift */,
				76FC3777299609CA00033A4B /* PhotoPickerTitleView.swift */,
				76FC378629963BD400033A4B /* PhotoPickerTitleView+SettingUpView.swift */,
				7697F1FA299E983F00BF8F54 /* PieProgressView.swift */,
				7697F1F6299E958700BF8F54 /* ProgressCircleView.swift */,
				7697F1F8299E95AF00BF8F54 /* ProgressCircleView+SettingUpView.swift */,
				766EFC9D29A1235600D21021 /* ExportSettingBottmSheetView.swift */,
				766EFC9F29A1236800D21021 /* ExportSettingBottomSheetView+SettingUpView.swift */,
				766EFCA529A1354F00D21021 /* ExportSettingBottomSheetView+UITableView.swift */,
				7697F21229A0BB7500BF8F54 /* ExportSettingView.swift */,
				7697F21E29A0F5C900BF8F54 /* ExportSettingView+SettingUpView.swift */,
				7697F22029A0F5E600BF8F54 /* ExportSettingView+UITableView.swift */,
			);
			path = UIViews;
			sourceTree = "<group>";
		};
		76FC377B29960A2000033A4B /* Extensions */ = {
			isa = PBXGroup;
			children = (
				76090BD0299B48BE00F204B6 /* UIApplication+Extension.swift */,
				76FC37842996193C00033A4B /* UIColor+Extension.swift */,
				76FC3782299616AF00033A4B /* UIFont+Extension.swift */,
				76090BA12998F3B700F204B6 /* UIImage+Extension.swift */,
				76090BD2299B58BE00F204B6 /* UIImageView+Extension.swift */,
				76FC377E29960A4500033A4B /* UIView+Extension.swift */,
				76090BD4299BBEC900F204B6 /* UIViewController+Extension.swift */,
			);
			path = Extensions;
			sourceTree = "<group>";
		};
		76FC37882996430D00033A4B /* UIViewControllers */ = {
			isa = PBXGroup;
			children = (
				7697F20629A0ABC000BF8F54 /* ExportViewController.swift */,
				7697F20829A0ABCD00BF8F54 /* ExportViewController+SettingUpView.swift */,
				76FC37452995F99000033A4B /* PhotoPickerViewController.swift */,
				76FC37892996432500033A4B /* PhotoPickerViewController+SettingUpView.swift */,
				76090B9F2997D2EC00F204B6 /* PhotoPickerViewController+UICollectionView.swift */,
				76090BA32998FF5400F204B6 /* PhotoPickerViewController+PHPhotoLibraryChangeObserver.swift */,
				76090BA9299A0B1000F204B6 /* OverlayImageViewController.swift */,
				76090BAB299A0B3500F204B6 /* OverlayImageViewController+SettingUpView.swift */,
			);
			path = UIViewControllers;
			sourceTree = "<group>";
		};
		76FC3791299647E000033A4B /* Utils */ = {
			isa = PBXGroup;
			children = (
				76FC3792299649AF00033A4B /* AlbumsManager.swift */,
				766EFCBA29A20ACA00D21021 /* ImageCacheManager.swift */,
				76090BCE299B373F00F204B6 /* PhotosManager.swift */,
				76090BE0299CC0AA00F204B6 /* SVGImageManager.swift */,
				76B6260E299D02840091D981 /* SVGImageProcessor.swift */,
				76B62618299E64540091D981 /* URLCacheManager.swift */,
				7697F1FC29A07EAC00BF8F54 /* ExportManager.swift */,
			);
			path = Utils;
			sourceTree = "<group>";
		};
		76FC37D02996577D00033A4B /* ViewModels */ = {
			isa = PBXGroup;
			children = (
				766EFCA129A12E0D00D21021 /* ExportViewModel.swift */,
				76FC37D12996579A00033A4B /* PhotoPickerViewModel.swift */,
				76090BC6299A878600F204B6 /* OverlayImageViewModel.swift */,
			);
			path = ViewModels;
			sourceTree = "<group>";
		};
		76FC37D729972B5200033A4B /* Enums */ = {
			isa = PBXGroup;
			children = (
				76A495302997BBBF00923CF9 /* AlbumType.swift */,
				76090BD6299BC15B00F204B6 /* AlertType.swift */,
				766EFCAC29A1452300D21021 /* ExportSettingType.swift */,
				766EFCB229A146C600D21021 /* ImageFormatType.swift */,
			);
			path = Enums;
			sourceTree = "<group>";
		};
		76FC37DA29972C3E00033A4B /* UICollectionViewCells */ = {
			isa = PBXGroup;
			children = (
				76090BAF299A21C700F204B6 /* ImageCollectionViewCell.swift */,
				76FC37DB29972C5200033A4B /* PhotoCollectionViewCell.swift */,
			);
			path = UICollectionViewCells;
			sourceTree = "<group>";
		};
		76FC37DD29972C6100033A4B /* UITableViewCells */ = {
			isa = PBXGroup;
			children = (
				76FC37DE29972C7400033A4B /* AlbumTableViewCell.swift */,
				766EFCA329A132B000D21021 /* ExportSettingDetailTableViewCell.swift */,
				7697F21429A0BDD500BF8F54 /* ExportSettingTableViewCell.swift */,
			);
			path = UITableViewCells;
			sourceTree = "<group>";
		};
/* End PBXGroup section */

/* Begin PBXNativeTarget section */
		76FC373D2995F99000033A4B /* Pixo */ = {
			isa = PBXNativeTarget;
			buildConfigurationList = 76FC37682995F99100033A4B /* Build configuration list for PBXNativeTarget "Pixo" */;
			buildPhases = (
				003F7CA8E5F7604B12727BF4 /* [CP] Check Pods Manifest.lock */,
				76FC373A2995F99000033A4B /* Sources */,
				76FC373B2995F99000033A4B /* Frameworks */,
				76FC373C2995F99000033A4B /* Resources */,
				F0A09D89FEF8E70CD9EE39A8 /* [CP] Embed Pods Frameworks */,
			);
			buildRules = (
			);
			dependencies = (
			);
			name = Pixo;
			productName = Pixo;
			productReference = 76FC373E2995F99000033A4B /* Pixo.app */;
			productType = "com.apple.product-type.application";
		};
		76FC37532995F99100033A4B /* PixoTests */ = {
			isa = PBXNativeTarget;
			buildConfigurationList = 76FC376B2995F99100033A4B /* Build configuration list for PBXNativeTarget "PixoTests" */;
			buildPhases = (
				9D14B060198019773CCA2660 /* [CP] Check Pods Manifest.lock */,
				76FC37502995F99100033A4B /* Sources */,
				76FC37512995F99100033A4B /* Frameworks */,
				76FC37522995F99100033A4B /* Resources */,
			);
			buildRules = (
			);
			dependencies = (
				76FC37562995F99100033A4B /* PBXTargetDependency */,
			);
			name = PixoTests;
			productName = PixoTests;
			productReference = 76FC37542995F99100033A4B /* PixoTests.xctest */;
			productType = "com.apple.product-type.bundle.unit-test";
		};
		76FC375D2995F99100033A4B /* PixoUITests */ = {
			isa = PBXNativeTarget;
			buildConfigurationList = 76FC376E2995F99100033A4B /* Build configuration list for PBXNativeTarget "PixoUITests" */;
			buildPhases = (
				75D7DDC59B0C1F270719B8A9 /* [CP] Check Pods Manifest.lock */,
				76FC375A2995F99100033A4B /* Sources */,
				76FC375B2995F99100033A4B /* Frameworks */,
				76FC375C2995F99100033A4B /* Resources */,
				65F6E5B3566AFCB953F622AA /* [CP] Embed Pods Frameworks */,
			);
			buildRules = (
			);
			dependencies = (
				76FC37602995F99100033A4B /* PBXTargetDependency */,
			);
			name = PixoUITests;
			productName = PixoUITests;
			productReference = 76FC375E2995F99100033A4B /* PixoUITests.xctest */;
			productType = "com.apple.product-type.bundle.ui-testing";
		};
/* End PBXNativeTarget section */

/* Begin PBXProject section */
		76FC37362995F99000033A4B /* Project object */ = {
			isa = PBXProject;
			attributes = {
				BuildIndependentTargetsInParallel = 1;
				LastSwiftUpdateCheck = 1400;
				LastUpgradeCheck = 1400;
				TargetAttributes = {
					76FC373D2995F99000033A4B = {
						CreatedOnToolsVersion = 14.0;
					};
					76FC37532995F99100033A4B = {
						CreatedOnToolsVersion = 14.0;
						TestTargetID = 76FC373D2995F99000033A4B;
					};
					76FC375D2995F99100033A4B = {
						CreatedOnToolsVersion = 14.0;
						TestTargetID = 76FC373D2995F99000033A4B;
					};
				};
			};
			buildConfigurationList = 76FC37392995F99000033A4B /* Build configuration list for PBXProject "Pixo" */;
			compatibilityVersion = "Xcode 13.0";
			developmentRegion = en;
			hasScannedForEncodings = 0;
			knownRegions = (
				en,
				Base,
			);
			mainGroup = 76FC37352995F99000033A4B;
			productRefGroup = 76FC373F2995F99000033A4B /* Products */;
			projectDirPath = "";
			projectRoot = "";
			targets = (
				76FC373D2995F99000033A4B /* Pixo */,
				76FC37532995F99100033A4B /* PixoTests */,
				76FC375D2995F99100033A4B /* PixoUITests */,
			);
		};
/* End PBXProject section */

/* Begin PBXResourcesBuildPhase section */
		76FC373C2995F99000033A4B /* Resources */ = {
			isa = PBXResourcesBuildPhase;
			buildActionMask = 2147483647;
			files = (
				76FC374E2995F99100033A4B /* LaunchScreen.storyboard in Resources */,
				76FC374B2995F99100033A4B /* Assets.xcassets in Resources */,
				76090BDF299CBDD100F204B6 /* GoogleService-Info.plist in Resources */,
			);
			runOnlyForDeploymentPostprocessing = 0;
		};
		76FC37522995F99100033A4B /* Resources */ = {
			isa = PBXResourcesBuildPhase;
			buildActionMask = 2147483647;
			files = (
			);
			runOnlyForDeploymentPostprocessing = 0;
		};
		76FC375C2995F99100033A4B /* Resources */ = {
			isa = PBXResourcesBuildPhase;
			buildActionMask = 2147483647;
			files = (
			);
			runOnlyForDeploymentPostprocessing = 0;
		};
/* End PBXResourcesBuildPhase section */

/* Begin PBXShellScriptBuildPhase section */
		003F7CA8E5F7604B12727BF4 /* [CP] Check Pods Manifest.lock */ = {
			isa = PBXShellScriptBuildPhase;
			buildActionMask = 2147483647;
			files = (
			);
			inputFileListPaths = (
			);
			inputPaths = (
				"${PODS_PODFILE_DIR_PATH}/Podfile.lock",
				"${PODS_ROOT}/Manifest.lock",
			);
			name = "[CP] Check Pods Manifest.lock";
			outputFileListPaths = (
			);
			outputPaths = (
				"$(DERIVED_FILE_DIR)/Pods-Pixo-checkManifestLockResult.txt",
			);
			runOnlyForDeploymentPostprocessing = 0;
			shellPath = /bin/sh;
			shellScript = "diff \"${PODS_PODFILE_DIR_PATH}/Podfile.lock\" \"${PODS_ROOT}/Manifest.lock\" > /dev/null\nif [ $? != 0 ] ; then\n    # print error to STDERR\n    echo \"error: The sandbox is not in sync with the Podfile.lock. Run 'pod install' or update your CocoaPods installation.\" >&2\n    exit 1\nfi\n# This output is used by Xcode 'outputs' to avoid re-running this script phase.\necho \"SUCCESS\" > \"${SCRIPT_OUTPUT_FILE_0}\"\n";
			showEnvVarsInLog = 0;
		};
		65F6E5B3566AFCB953F622AA /* [CP] Embed Pods Frameworks */ = {
			isa = PBXShellScriptBuildPhase;
			buildActionMask = 2147483647;
			files = (
			);
			inputFileListPaths = (
				"${PODS_ROOT}/Target Support Files/Pods-Pixo-PixoUITests/Pods-Pixo-PixoUITests-frameworks-${CONFIGURATION}-input-files.xcfilelist",
			);
			name = "[CP] Embed Pods Frameworks";
			outputFileListPaths = (
				"${PODS_ROOT}/Target Support Files/Pods-Pixo-PixoUITests/Pods-Pixo-PixoUITests-frameworks-${CONFIGURATION}-output-files.xcfilelist",
			);
			runOnlyForDeploymentPostprocessing = 0;
			shellPath = /bin/sh;
			shellScript = "\"${PODS_ROOT}/Target Support Files/Pods-Pixo-PixoUITests/Pods-Pixo-PixoUITests-frameworks.sh\"\n";
			showEnvVarsInLog = 0;
		};
		75D7DDC59B0C1F270719B8A9 /* [CP] Check Pods Manifest.lock */ = {
			isa = PBXShellScriptBuildPhase;
			buildActionMask = 2147483647;
			files = (
			);
			inputFileListPaths = (
			);
			inputPaths = (
				"${PODS_PODFILE_DIR_PATH}/Podfile.lock",
				"${PODS_ROOT}/Manifest.lock",
			);
			name = "[CP] Check Pods Manifest.lock";
			outputFileListPaths = (
			);
			outputPaths = (
				"$(DERIVED_FILE_DIR)/Pods-Pixo-PixoUITests-checkManifestLockResult.txt",
			);
			runOnlyForDeploymentPostprocessing = 0;
			shellPath = /bin/sh;
			shellScript = "diff \"${PODS_PODFILE_DIR_PATH}/Podfile.lock\" \"${PODS_ROOT}/Manifest.lock\" > /dev/null\nif [ $? != 0 ] ; then\n    # print error to STDERR\n    echo \"error: The sandbox is not in sync with the Podfile.lock. Run 'pod install' or update your CocoaPods installation.\" >&2\n    exit 1\nfi\n# This output is used by Xcode 'outputs' to avoid re-running this script phase.\necho \"SUCCESS\" > \"${SCRIPT_OUTPUT_FILE_0}\"\n";
			showEnvVarsInLog = 0;
		};
		9D14B060198019773CCA2660 /* [CP] Check Pods Manifest.lock */ = {
			isa = PBXShellScriptBuildPhase;
			buildActionMask = 2147483647;
			files = (
			);
			inputFileListPaths = (
			);
			inputPaths = (
				"${PODS_PODFILE_DIR_PATH}/Podfile.lock",
				"${PODS_ROOT}/Manifest.lock",
			);
			name = "[CP] Check Pods Manifest.lock";
			outputFileListPaths = (
			);
			outputPaths = (
				"$(DERIVED_FILE_DIR)/Pods-PixoTests-checkManifestLockResult.txt",
			);
			runOnlyForDeploymentPostprocessing = 0;
			shellPath = /bin/sh;
			shellScript = "diff \"${PODS_PODFILE_DIR_PATH}/Podfile.lock\" \"${PODS_ROOT}/Manifest.lock\" > /dev/null\nif [ $? != 0 ] ; then\n    # print error to STDERR\n    echo \"error: The sandbox is not in sync with the Podfile.lock. Run 'pod install' or update your CocoaPods installation.\" >&2\n    exit 1\nfi\n# This output is used by Xcode 'outputs' to avoid re-running this script phase.\necho \"SUCCESS\" > \"${SCRIPT_OUTPUT_FILE_0}\"\n";
			showEnvVarsInLog = 0;
		};
		F0A09D89FEF8E70CD9EE39A8 /* [CP] Embed Pods Frameworks */ = {
			isa = PBXShellScriptBuildPhase;
			buildActionMask = 2147483647;
			files = (
			);
			inputFileListPaths = (
				"${PODS_ROOT}/Target Support Files/Pods-Pixo/Pods-Pixo-frameworks-${CONFIGURATION}-input-files.xcfilelist",
			);
			name = "[CP] Embed Pods Frameworks";
			outputFileListPaths = (
				"${PODS_ROOT}/Target Support Files/Pods-Pixo/Pods-Pixo-frameworks-${CONFIGURATION}-output-files.xcfilelist",
			);
			runOnlyForDeploymentPostprocessing = 0;
			shellPath = /bin/sh;
			shellScript = "\"${PODS_ROOT}/Target Support Files/Pods-Pixo/Pods-Pixo-frameworks.sh\"\n";
			showEnvVarsInLog = 0;
		};
/* End PBXShellScriptBuildPhase section */

/* Begin PBXSourcesBuildPhase section */
		76FC373A2995F99000033A4B /* Sources */ = {
			isa = PBXSourcesBuildPhase;
			buildActionMask = 2147483647;
			files = (
				76090BD3299B58BE00F204B6 /* UIImageView+Extension.swift in Sources */,
				76B6260F299D02840091D981 /* SVGImageProcessor.swift in Sources */,
				7697F1F9299E95AF00BF8F54 /* ProgressCircleView+SettingUpView.swift in Sources */,
				7697F1FD29A07EAC00BF8F54 /* ExportManager.swift in Sources */,
				76090BA02997D2EC00F204B6 /* PhotoPickerViewController+UICollectionView.swift in Sources */,
				76090BB0299A21C700F204B6 /* ImageCollectionViewCell.swift in Sources */,
				766EFC9E29A1235600D21021 /* ExportSettingBottmSheetView.swift in Sources */,
				76FC377F29960A4500033A4B /* UIView+Extension.swift in Sources */,
				76090BD7299BC15B00F204B6 /* AlertType.swift in Sources */,
				76FC37732996079500033A4B /* SettingUpView.swift in Sources */,
				7697F22129A0F5E600BF8F54 /* ExportSettingView+UITableView.swift in Sources */,
				76090BCF299B373F00F204B6 /* PhotosManager.swift in Sources */,
				766EFCAD29A1452300D21021 /* ExportSettingType.swift in Sources */,
				76FC3783299616AF00033A4B /* UIFont+Extension.swift in Sources */,
				76FC37DF29972C7400033A4B /* AlbumTableViewCell.swift in Sources */,
				76A4952B29977A1200923CF9 /* Album.swift in Sources */,
				766EFCA429A132B000D21021 /* ExportSettingDetailTableViewCell.swift in Sources */,
				7697F1FB299E983F00BF8F54 /* PieProgressView.swift in Sources */,
				7697F21F29A0F5C900BF8F54 /* ExportSettingView+SettingUpView.swift in Sources */,
				766EFCA029A1236800D21021 /* ExportSettingBottomSheetView+SettingUpView.swift in Sources */,
				766EFCA229A12E0D00D21021 /* ExportViewModel.swift in Sources */,
				76090BC7299A878600F204B6 /* OverlayImageViewModel.swift in Sources */,
				76FC37462995F99000033A4B /* PhotoPickerViewController.swift in Sources */,
				76090BD5299BBEC900F204B6 /* UIViewController+Extension.swift in Sources */,
				76090BA22998F3B700F204B6 /* UIImage+Extension.swift in Sources */,
				76A4952F2997B24800923CF9 /* AlbumSection.swift in Sources */,
				7697F1F7299E958700BF8F54 /* ProgressCircleView.swift in Sources */,
				7697F20729A0ABC000BF8F54 /* ExportViewController.swift in Sources */,
				76FC378729963BD400033A4B /* PhotoPickerTitleView+SettingUpView.swift in Sources */,
				76FC37D22996579A00033A4B /* PhotoPickerViewModel.swift in Sources */,
				76FC3793299649AF00033A4B /* AlbumsManager.swift in Sources */,
				766EFCB329A146C600D21021 /* ImageFormatType.swift in Sources */,
				766EFCBB29A20ACA00D21021 /* ImageCacheManager.swift in Sources */,
				76090BAA299A0B1000F204B6 /* OverlayImageViewController.swift in Sources */,
				766EFCB529A14AAE00D21021 /* ImageMergingSources.swift in Sources */,
				7697F20F29A0B45000BF8F54 /* Constants.swift in Sources */,
				76FC3778299609CA00033A4B /* PhotoPickerTitleView.swift in Sources */,
				76FC37DC29972C5200033A4B /* PhotoCollectionViewCell.swift in Sources */,
				766EFCA629A1354F00D21021 /* ExportSettingBottomSheetView+UITableView.swift in Sources */,
				76FC37422995F99000033A4B /* AppDelegate.swift in Sources */,
				766EFCAB29A144BE00D21021 /* ExportSetting.swift in Sources */,
				76090BAC299A0B3500F204B6 /* OverlayImageViewController+SettingUpView.swift in Sources */,
				76090BE1299CC0AA00F204B6 /* SVGImageManager.swift in Sources */,
				766EFCB129A145A800D21021 /* Format.swift in Sources */,
				76A495312997BBBF00923CF9 /* AlbumType.swift in Sources */,
				76090BC9299A882C00F204B6 /* SVGImageSection.swift in Sources */,
				76FC37852996193C00033A4B /* UIColor+Extension.swift in Sources */,
				76090BA42998FF5400F204B6 /* PhotoPickerViewController+PHPhotoLibraryChangeObserver.swift in Sources */,
				76FC378A2996432500033A4B /* PhotoPickerViewController+SettingUpView.swift in Sources */,
				76B62619299E64540091D981 /* URLCacheManager.swift in Sources */,
				76FC37442995F99000033A4B /* SceneDelegate.swift in Sources */,
				7697F20929A0ABCD00BF8F54 /* ExportViewController+SettingUpView.swift in Sources */,
				76090BCB299A884D00F204B6 /* SVGImage.swift in Sources */,
				76B62611299D03E30091D981 /* IdentifiableImageView.swift in Sources */,
				766EFCB729A14E2C00D21021 /* ImageExportSources.swift in Sources */,
				766EFCAF29A1456400D21021 /* Quality.swift in Sources */,
				7697F21329A0BB7500BF8F54 /* ExportSettingView.swift in Sources */,
				7697F21529A0BDD500BF8F54 /* ExportSettingTableViewCell.swift in Sources */,
				76090BD1299B48BE00F204B6 /* UIApplication+Extension.swift in Sources */,
				76FC37D4299658E000033A4B /* ViewModel.swift in Sources */,
			);
			runOnlyForDeploymentPostprocessing = 0;
		};
		76FC37502995F99100033A4B /* Sources */ = {
			isa = PBXSourcesBuildPhase;
			buildActionMask = 2147483647;
			files = (
				76FC37592995F99100033A4B /* PixoTests.swift in Sources */,
			);
			runOnlyForDeploymentPostprocessing = 0;
		};
		76FC375A2995F99100033A4B /* Sources */ = {
			isa = PBXSourcesBuildPhase;
			buildActionMask = 2147483647;
			files = (
				76FC37652995F99100033A4B /* PixoUITestsLaunchTests.swift in Sources */,
				76FC37632995F99100033A4B /* PixoUITests.swift in Sources */,
			);
			runOnlyForDeploymentPostprocessing = 0;
		};
/* End PBXSourcesBuildPhase section */

/* Begin PBXTargetDependency section */
		76FC37562995F99100033A4B /* PBXTargetDependency */ = {
			isa = PBXTargetDependency;
			target = 76FC373D2995F99000033A4B /* Pixo */;
			targetProxy = 76FC37552995F99100033A4B /* PBXContainerItemProxy */;
		};
		76FC37602995F99100033A4B /* PBXTargetDependency */ = {
			isa = PBXTargetDependency;
			target = 76FC373D2995F99000033A4B /* Pixo */;
			targetProxy = 76FC375F2995F99100033A4B /* PBXContainerItemProxy */;
		};
/* End PBXTargetDependency section */

/* Begin PBXVariantGroup section */
		76FC374C2995F99100033A4B /* LaunchScreen.storyboard */ = {
			isa = PBXVariantGroup;
			children = (
				76FC374D2995F99100033A4B /* Base */,
			);
			name = LaunchScreen.storyboard;
			sourceTree = "<group>";
		};
/* End PBXVariantGroup section */

/* Begin XCBuildConfiguration section */
		76FC37662995F99100033A4B /* Debug */ = {
			isa = XCBuildConfiguration;
			buildSettings = {
				ALWAYS_SEARCH_USER_PATHS = NO;
				CLANG_ANALYZER_NONNULL = YES;
				CLANG_ANALYZER_NUMBER_OBJECT_CONVERSION = YES_AGGRESSIVE;
				CLANG_CXX_LANGUAGE_STANDARD = "gnu++20";
				CLANG_ENABLE_MODULES = YES;
				CLANG_ENABLE_OBJC_ARC = YES;
				CLANG_ENABLE_OBJC_WEAK = YES;
				CLANG_WARN_BLOCK_CAPTURE_AUTORELEASING = YES;
				CLANG_WARN_BOOL_CONVERSION = YES;
				CLANG_WARN_COMMA = YES;
				CLANG_WARN_CONSTANT_CONVERSION = YES;
				CLANG_WARN_DEPRECATED_OBJC_IMPLEMENTATIONS = YES;
				CLANG_WARN_DIRECT_OBJC_ISA_USAGE = YES_ERROR;
				CLANG_WARN_DOCUMENTATION_COMMENTS = YES;
				CLANG_WARN_EMPTY_BODY = YES;
				CLANG_WARN_ENUM_CONVERSION = YES;
				CLANG_WARN_INFINITE_RECURSION = YES;
				CLANG_WARN_INT_CONVERSION = YES;
				CLANG_WARN_NON_LITERAL_NULL_CONVERSION = YES;
				CLANG_WARN_OBJC_IMPLICIT_RETAIN_SELF = YES;
				CLANG_WARN_OBJC_LITERAL_CONVERSION = YES;
				CLANG_WARN_OBJC_ROOT_CLASS = YES_ERROR;
				CLANG_WARN_QUOTED_INCLUDE_IN_FRAMEWORK_HEADER = YES;
				CLANG_WARN_RANGE_LOOP_ANALYSIS = YES;
				CLANG_WARN_STRICT_PROTOTYPES = YES;
				CLANG_WARN_SUSPICIOUS_MOVE = YES;
				CLANG_WARN_UNGUARDED_AVAILABILITY = YES_AGGRESSIVE;
				CLANG_WARN_UNREACHABLE_CODE = YES;
				CLANG_WARN__DUPLICATE_METHOD_MATCH = YES;
				COPY_PHASE_STRIP = NO;
				DEBUG_INFORMATION_FORMAT = dwarf;
				ENABLE_STRICT_OBJC_MSGSEND = YES;
				ENABLE_TESTABILITY = YES;
				GCC_C_LANGUAGE_STANDARD = gnu11;
				GCC_DYNAMIC_NO_PIC = NO;
				GCC_NO_COMMON_BLOCKS = YES;
				GCC_OPTIMIZATION_LEVEL = 0;
				GCC_PREPROCESSOR_DEFINITIONS = (
					"DEBUG=1",
					"$(inherited)",
				);
				GCC_WARN_64_TO_32_BIT_CONVERSION = YES;
				GCC_WARN_ABOUT_RETURN_TYPE = YES_ERROR;
				GCC_WARN_UNDECLARED_SELECTOR = YES;
				GCC_WARN_UNINITIALIZED_AUTOS = YES_AGGRESSIVE;
				GCC_WARN_UNUSED_FUNCTION = YES;
				GCC_WARN_UNUSED_VARIABLE = YES;
				IPHONEOS_DEPLOYMENT_TARGET = 16.0;
				MTL_ENABLE_DEBUG_INFO = INCLUDE_SOURCE;
				MTL_FAST_MATH = YES;
				ONLY_ACTIVE_ARCH = YES;
				SDKROOT = iphoneos;
				SWIFT_ACTIVE_COMPILATION_CONDITIONS = DEBUG;
				SWIFT_OPTIMIZATION_LEVEL = "-Onone";
			};
			name = Debug;
		};
		76FC37672995F99100033A4B /* Release */ = {
			isa = XCBuildConfiguration;
			buildSettings = {
				ALWAYS_SEARCH_USER_PATHS = NO;
				CLANG_ANALYZER_NONNULL = YES;
				CLANG_ANALYZER_NUMBER_OBJECT_CONVERSION = YES_AGGRESSIVE;
				CLANG_CXX_LANGUAGE_STANDARD = "gnu++20";
				CLANG_ENABLE_MODULES = YES;
				CLANG_ENABLE_OBJC_ARC = YES;
				CLANG_ENABLE_OBJC_WEAK = YES;
				CLANG_WARN_BLOCK_CAPTURE_AUTORELEASING = YES;
				CLANG_WARN_BOOL_CONVERSION = YES;
				CLANG_WARN_COMMA = YES;
				CLANG_WARN_CONSTANT_CONVERSION = YES;
				CLANG_WARN_DEPRECATED_OBJC_IMPLEMENTATIONS = YES;
				CLANG_WARN_DIRECT_OBJC_ISA_USAGE = YES_ERROR;
				CLANG_WARN_DOCUMENTATION_COMMENTS = YES;
				CLANG_WARN_EMPTY_BODY = YES;
				CLANG_WARN_ENUM_CONVERSION = YES;
				CLANG_WARN_INFINITE_RECURSION = YES;
				CLANG_WARN_INT_CONVERSION = YES;
				CLANG_WARN_NON_LITERAL_NULL_CONVERSION = YES;
				CLANG_WARN_OBJC_IMPLICIT_RETAIN_SELF = YES;
				CLANG_WARN_OBJC_LITERAL_CONVERSION = YES;
				CLANG_WARN_OBJC_ROOT_CLASS = YES_ERROR;
				CLANG_WARN_QUOTED_INCLUDE_IN_FRAMEWORK_HEADER = YES;
				CLANG_WARN_RANGE_LOOP_ANALYSIS = YES;
				CLANG_WARN_STRICT_PROTOTYPES = YES;
				CLANG_WARN_SUSPICIOUS_MOVE = YES;
				CLANG_WARN_UNGUARDED_AVAILABILITY = YES_AGGRESSIVE;
				CLANG_WARN_UNREACHABLE_CODE = YES;
				CLANG_WARN__DUPLICATE_METHOD_MATCH = YES;
				COPY_PHASE_STRIP = NO;
				DEBUG_INFORMATION_FORMAT = "dwarf-with-dsym";
				ENABLE_NS_ASSERTIONS = NO;
				ENABLE_STRICT_OBJC_MSGSEND = YES;
				GCC_C_LANGUAGE_STANDARD = gnu11;
				GCC_NO_COMMON_BLOCKS = YES;
				GCC_WARN_64_TO_32_BIT_CONVERSION = YES;
				GCC_WARN_ABOUT_RETURN_TYPE = YES_ERROR;
				GCC_WARN_UNDECLARED_SELECTOR = YES;
				GCC_WARN_UNINITIALIZED_AUTOS = YES_AGGRESSIVE;
				GCC_WARN_UNUSED_FUNCTION = YES;
				GCC_WARN_UNUSED_VARIABLE = YES;
				IPHONEOS_DEPLOYMENT_TARGET = 16.0;
				MTL_ENABLE_DEBUG_INFO = NO;
				MTL_FAST_MATH = YES;
				SDKROOT = iphoneos;
				SWIFT_COMPILATION_MODE = wholemodule;
				SWIFT_OPTIMIZATION_LEVEL = "-O";
				VALIDATE_PRODUCT = YES;
			};
			name = Release;
		};
		76FC37692995F99100033A4B /* Debug */ = {
			isa = XCBuildConfiguration;
			baseConfigurationReference = 4C4E7E375DBBAC584C7DBDFC /* Pods-Pixo.debug.xcconfig */;
			buildSettings = {
				ASSETCATALOG_COMPILER_APPICON_NAME = AppIcon;
				ASSETCATALOG_COMPILER_GLOBAL_ACCENT_COLOR_NAME = AccentColor;
				CODE_SIGN_STYLE = Automatic;
				CURRENT_PROJECT_VERSION = 1;
				DEVELOPMENT_TEAM = XH796T6N5H;
				GENERATE_INFOPLIST_FILE = YES;
				INFOPLIST_FILE = Pixo/Info.plist;
				INFOPLIST_KEY_UIApplicationSupportsIndirectInputEvents = YES;
				INFOPLIST_KEY_UILaunchStoryboardName = LaunchScreen;
				INFOPLIST_KEY_UISupportedInterfaceOrientations_iPad = "UIInterfaceOrientationPortrait UIInterfaceOrientationPortraitUpsideDown UIInterfaceOrientationLandscapeLeft UIInterfaceOrientationLandscapeRight";
				INFOPLIST_KEY_UISupportedInterfaceOrientations_iPhone = "UIInterfaceOrientationPortrait UIInterfaceOrientationLandscapeLeft UIInterfaceOrientationLandscapeRight";
				INFOPLIST_KEY_UIUserInterfaceStyle = Light;
				IPHONEOS_DEPLOYMENT_TARGET = 15.0;
				LD_RUNPATH_SEARCH_PATHS = (
					"$(inherited)",
					"@executable_path/Frameworks",
				);
				MARKETING_VERSION = 1.0;
				PRODUCT_BUNDLE_IDENTIFIER = com.jin.Pixo;
				PRODUCT_NAME = "$(TARGET_NAME)";
				SWIFT_EMIT_LOC_STRINGS = YES;
				SWIFT_VERSION = 5.0;
				TARGETED_DEVICE_FAMILY = "1,2";
			};
			name = Debug;
		};
		76FC376A2995F99100033A4B /* Release */ = {
			isa = XCBuildConfiguration;
			baseConfigurationReference = 292E687105E3FC1CC228B4ED /* Pods-Pixo.release.xcconfig */;
			buildSettings = {
				ASSETCATALOG_COMPILER_APPICON_NAME = AppIcon;
				ASSETCATALOG_COMPILER_GLOBAL_ACCENT_COLOR_NAME = AccentColor;
				CODE_SIGN_STYLE = Automatic;
				CURRENT_PROJECT_VERSION = 1;
				DEVELOPMENT_TEAM = XH796T6N5H;
				GENERATE_INFOPLIST_FILE = YES;
				INFOPLIST_FILE = Pixo/Info.plist;
				INFOPLIST_KEY_UIApplicationSupportsIndirectInputEvents = YES;
				INFOPLIST_KEY_UILaunchStoryboardName = LaunchScreen;
				INFOPLIST_KEY_UISupportedInterfaceOrientations_iPad = "UIInterfaceOrientationPortrait UIInterfaceOrientationPortraitUpsideDown UIInterfaceOrientationLandscapeLeft UIInterfaceOrientationLandscapeRight";
				INFOPLIST_KEY_UISupportedInterfaceOrientations_iPhone = "UIInterfaceOrientationPortrait UIInterfaceOrientationLandscapeLeft UIInterfaceOrientationLandscapeRight";
				INFOPLIST_KEY_UIUserInterfaceStyle = Light;
				IPHONEOS_DEPLOYMENT_TARGET = 15.0;
				LD_RUNPATH_SEARCH_PATHS = (
					"$(inherited)",
					"@executable_path/Frameworks",
				);
				MARKETING_VERSION = 1.0;
				PRODUCT_BUNDLE_IDENTIFIER = com.jin.Pixo;
				PRODUCT_NAME = "$(TARGET_NAME)";
				SWIFT_EMIT_LOC_STRINGS = YES;
				SWIFT_VERSION = 5.0;
				TARGETED_DEVICE_FAMILY = "1,2";
			};
			name = Release;
		};
		76FC376C2995F99100033A4B /* Debug */ = {
			isa = XCBuildConfiguration;
			baseConfigurationReference = FBBD31B629AECB07A4835A6C /* Pods-PixoTests.debug.xcconfig */;
			buildSettings = {
				ALWAYS_EMBED_SWIFT_STANDARD_LIBRARIES = YES;
				BUNDLE_LOADER = "$(TEST_HOST)";
				CODE_SIGN_STYLE = Automatic;
				CURRENT_PROJECT_VERSION = 1;
				DEVELOPMENT_TEAM = XH796T6N5H;
				GENERATE_INFOPLIST_FILE = YES;
				IPHONEOS_DEPLOYMENT_TARGET = 16.0;
				MARKETING_VERSION = 1.0;
				PRODUCT_BUNDLE_IDENTIFIER = com.jin.PixoTests;
				PRODUCT_NAME = "$(TARGET_NAME)";
				SWIFT_EMIT_LOC_STRINGS = NO;
				SWIFT_VERSION = 5.0;
				TARGETED_DEVICE_FAMILY = "1,2";
				TEST_HOST = "$(BUILT_PRODUCTS_DIR)/Pixo.app/$(BUNDLE_EXECUTABLE_FOLDER_PATH)/Pixo";
			};
			name = Debug;
		};
		76FC376D2995F99100033A4B /* Release */ = {
			isa = XCBuildConfiguration;
			baseConfigurationReference = 8E87385C36037EEEE50CFC27 /* Pods-PixoTests.release.xcconfig */;
			buildSettings = {
				ALWAYS_EMBED_SWIFT_STANDARD_LIBRARIES = YES;
				BUNDLE_LOADER = "$(TEST_HOST)";
				CODE_SIGN_STYLE = Automatic;
				CURRENT_PROJECT_VERSION = 1;
				DEVELOPMENT_TEAM = XH796T6N5H;
				GENERATE_INFOPLIST_FILE = YES;
				IPHONEOS_DEPLOYMENT_TARGET = 16.0;
				MARKETING_VERSION = 1.0;
				PRODUCT_BUNDLE_IDENTIFIER = com.jin.PixoTests;
				PRODUCT_NAME = "$(TARGET_NAME)";
				SWIFT_EMIT_LOC_STRINGS = NO;
				SWIFT_VERSION = 5.0;
				TARGETED_DEVICE_FAMILY = "1,2";
				TEST_HOST = "$(BUILT_PRODUCTS_DIR)/Pixo.app/$(BUNDLE_EXECUTABLE_FOLDER_PATH)/Pixo";
			};
			name = Release;
		};
		76FC376F2995F99100033A4B /* Debug */ = {
			isa = XCBuildConfiguration;
			baseConfigurationReference = B144D7B4D816C2F2BE7E04C0 /* Pods-Pixo-PixoUITests.debug.xcconfig */;
			buildSettings = {
				ALWAYS_EMBED_SWIFT_STANDARD_LIBRARIES = YES;
				CODE_SIGN_STYLE = Automatic;
				CURRENT_PROJECT_VERSION = 1;
				DEVELOPMENT_TEAM = XH796T6N5H;
				GENERATE_INFOPLIST_FILE = YES;
				MARKETING_VERSION = 1.0;
				PRODUCT_BUNDLE_IDENTIFIER = com.jin.PixoUITests;
				PRODUCT_NAME = "$(TARGET_NAME)";
				SWIFT_EMIT_LOC_STRINGS = NO;
				SWIFT_VERSION = 5.0;
				TARGETED_DEVICE_FAMILY = "1,2";
				TEST_TARGET_NAME = Pixo;
			};
			name = Debug;
		};
		76FC37702995F99100033A4B /* Release */ = {
			isa = XCBuildConfiguration;
			baseConfigurationReference = D49AD4D81B2AA7FE9B2B894F /* Pods-Pixo-PixoUITests.release.xcconfig */;
			buildSettings = {
				ALWAYS_EMBED_SWIFT_STANDARD_LIBRARIES = YES;
				CODE_SIGN_STYLE = Automatic;
				CURRENT_PROJECT_VERSION = 1;
				DEVELOPMENT_TEAM = XH796T6N5H;
				GENERATE_INFOPLIST_FILE = YES;
				MARKETING_VERSION = 1.0;
				PRODUCT_BUNDLE_IDENTIFIER = com.jin.PixoUITests;
				PRODUCT_NAME = "$(TARGET_NAME)";
				SWIFT_EMIT_LOC_STRINGS = NO;
				SWIFT_VERSION = 5.0;
				TARGETED_DEVICE_FAMILY = "1,2";
				TEST_TARGET_NAME = Pixo;
			};
			name = Release;
		};
/* End XCBuildConfiguration section */

/* Begin XCConfigurationList section */
		76FC37392995F99000033A4B /* Build configuration list for PBXProject "Pixo" */ = {
			isa = XCConfigurationList;
			buildConfigurations = (
				76FC37662995F99100033A4B /* Debug */,
				76FC37672995F99100033A4B /* Release */,
			);
			defaultConfigurationIsVisible = 0;
			defaultConfigurationName = Release;
		};
		76FC37682995F99100033A4B /* Build configuration list for PBXNativeTarget "Pixo" */ = {
			isa = XCConfigurationList;
			buildConfigurations = (
				76FC37692995F99100033A4B /* Debug */,
				76FC376A2995F99100033A4B /* Release */,
			);
			defaultConfigurationIsVisible = 0;
			defaultConfigurationName = Release;
		};
		76FC376B2995F99100033A4B /* Build configuration list for PBXNativeTarget "PixoTests" */ = {
			isa = XCConfigurationList;
			buildConfigurations = (
				76FC376C2995F99100033A4B /* Debug */,
				76FC376D2995F99100033A4B /* Release */,
			);
			defaultConfigurationIsVisible = 0;
			defaultConfigurationName = Release;
		};
		76FC376E2995F99100033A4B /* Build configuration list for PBXNativeTarget "PixoUITests" */ = {
			isa = XCConfigurationList;
			buildConfigurations = (
				76FC376F2995F99100033A4B /* Debug */,
				76FC37702995F99100033A4B /* Release */,
			);
			defaultConfigurationIsVisible = 0;
			defaultConfigurationName = Release;
		};
/* End XCConfigurationList section */
	};
	rootObject = 76FC37362995F99000033A4B /* Project object */;
}
